<?xml version="1.0" encoding="utf-8"?>
<Project ToolsVersion="4.0" xmlns="http://schemas.microsoft.com/developer/msbuild/2003">
  <ItemGroup>
    <ClCompile Include="src\point_cloud_codec_v2.cpp">
      <Filter>Source Files</Filter>
    </ClCompile>
  </ItemGroup>
  <ItemGroup>
    <ClInclude Include="include\pcl\cloud_codec_v2\point_cloud_codec_v2.h">
      <Filter>Header Files</Filter>
    </ClInclude>
    <ClInclude Include="include\pcl\cloud_codec_v2\point_coding_v2.h">
      <Filter>Header Files</Filter>
    </ClInclude>
    <ClInclude Include="include\pcl\cloud_codec_v2\color_coding_jpeg.h">
      <Filter>Header Files</Filter>
    </ClInclude>
    <ClInclude Include="include\pcl\cloud_codec_v2\snake_grid_mapping.h">
      <Filter>Header Files</Filter>
    </ClInclude>
    <ClInclude Include="include\pcl\cloud_codec_v2\impl\point_cloud_codec_v2_impl.hpp">
      <Filter>Header Files</Filter>
    </ClInclude>
  </ItemGroup>
  <ItemGroup>
    <CustomBuild Include="CMakeLists.txt" />
  </ItemGroup>
  <ItemGroup>
    <Filter Include="Source Files">
      <UniqueIdentifier>{EF5FF1D3-AE4B-4DEE-A6F8-1F5FC94F78AB}</UniqueIdentifier>
    </Filter>
    <Filter Include="Header Files">
      <UniqueIdentifier>{3FF5A09D-77BB-47AC-B116-F9FA2FBA11BB}</UniqueIdentifier>
    </Filter>
  </ItemGroup>
</Project>
